
Microsoft Visual Studio Solution File, Format Version 12.00
# Visual Studio 15
VisualStudioVersion = 15.0.28307.1738
MinimumVisualStudioVersion = 10.0.40219.1
Project("{FAE04EC0-301F-11D3-BF4B-00C04F79EFBC}") = "ATMDenomination", "ConsoleApp9\ATMDenomination.csproj", "{E4AEAF6C-C4C3-4A6E-918F-27288988FD30}"
EndProject
Global
	GlobalSection(SolutionConfigurationPlatforms) = preSolution
		Debug|Any CPU = Debug|Any CPU
		Release|Any CPU = Release|Any CPU
	EndGlobalSection
	GlobalSection(ProjectConfigurationPlatforms) = postSolution
		{E4AEAF6C-C4C3-4A6E-918F-27288988FD30}.Debug|Any CPU.ActiveCfg = Debug|Any CPU
		{E4AEAF6C-C4C3-4A6E-918F-27288988FD30}.Debug|Any CPU.Build.0 = Debug|Any CPU
		{E4AEAF6C-C4C3-4A6E-918F-27288988FD30}.Release|Any CPU.ActiveCfg = Release|Any CPU
		{E4AEAF6C-C4C3-4A6E-918F-27288988FD30}.Release|Any CPU.Build.0 = Release|Any CPU
	EndGlobalSection
	GlobalSection(SolutionProperties) = preSolution
		HideSolutionNode = FALSE
	EndGlobalSection
	GlobalSection(ExtensibilityGlobals) = postSolution
		SolutionGuid = {D01E12FB-EC26-4AB1-A4EE-EA03D08D2AF6}
	EndGlobalSection
EndGlobal
